// !$*UTF8*$!
{
	archiveVersion = 1;
	classes = {
	};
	objectVersion = 48;
	objects = {

/* Begin PBXBuildFile section */
		12B76C75C274D56B253DD017 /* Pods_mole_tracker_app.framework in Frameworks */ = {isa = PBXBuildFile; fileRef = C389702C241AB128FD5C642F /* Pods_mole_tracker_app.framework */; };
		753ED90822A823CD002BE6B9 /* AppDelegate.swift in Sources */ = {isa = PBXBuildFile; fileRef = 753ED90722A823CD002BE6B9 /* AppDelegate.swift */; };
		753ED90A22A823CD002BE6B9 /* ViewController.swift in Sources */ = {isa = PBXBuildFile; fileRef = 753ED90922A823CD002BE6B9 /* ViewController.swift */; };
		753ED90D22A823CD002BE6B9 /* Main.storyboard in Resources */ = {isa = PBXBuildFile; fileRef = 753ED90B22A823CD002BE6B9 /* Main.storyboard */; };
		753ED91022A823CD002BE6B9 /* mole_tracker_app.xcdatamodeld in Sources */ = {isa = PBXBuildFile; fileRef = 753ED90E22A823CD002BE6B9 /* mole_tracker_app.xcdatamodeld */; };
		753ED91222A823CE002BE6B9 /* Assets.xcassets in Resources */ = {isa = PBXBuildFile; fileRef = 753ED91122A823CE002BE6B9 /* Assets.xcassets */; };
		753ED91522A823CE002BE6B9 /* LaunchScreen.storyboard in Resources */ = {isa = PBXBuildFile; fileRef = 753ED91322A823CE002BE6B9 /* LaunchScreen.storyboard */; };
		753ED92022A823CE002BE6B9 /* mole_tracker_appTests.swift in Sources */ = {isa = PBXBuildFile; fileRef = 753ED91F22A823CE002BE6B9 /* mole_tracker_appTests.swift */; };
		753ED92B22A823CE002BE6B9 /* mole_tracker_appUITests.swift in Sources */ = {isa = PBXBuildFile; fileRef = 753ED92A22A823CE002BE6B9 /* mole_tracker_appUITests.swift */; };
		802443A6B62666DDDB7B165D /* Pods_mole_tracker_appUITests.framework in Frameworks */ = {isa = PBXBuildFile; fileRef = E9E6D2C3737D13292408EA07 /* Pods_mole_tracker_appUITests.framework */; };
		D313DA1C13CEF2BDDFB56615 /* Pods_mole_tracker_appTests.framework in Frameworks */ = {isa = PBXBuildFile; fileRef = 3354CB75B15D935A56184BCC /* Pods_mole_tracker_appTests.framework */; };
/* End PBXBuildFile section */

/* Begin PBXContainerItemProxy section */
		753ED91C22A823CE002BE6B9 /* PBXContainerItemProxy */ = {
			isa = PBXContainerItemProxy;
			containerPortal = 753ED8FC22A823CD002BE6B9 /* Project object */;
			proxyType = 1;
			remoteGlobalIDString = 753ED90322A823CD002BE6B9;
			remoteInfo = mole_tracker_app;
		};
		753ED92722A823CE002BE6B9 /* PBXContainerItemProxy */ = {
			isa = PBXContainerItemProxy;
			containerPortal = 753ED8FC22A823CD002BE6B9 /* Project object */;
			proxyType = 1;
			remoteGlobalIDString = 753ED90322A823CD002BE6B9;
			remoteInfo = mole_tracker_app;
		};
/* End PBXContainerItemProxy section */

/* Begin PBXFileReference section */
		0B45FCAC80881A491DB418AD /* Pods-mole_tracker_appTests.release.xcconfig */ = {isa = PBXFileReference; includeInIndex = 1; lastKnownFileType = text.xcconfig; name = "Pods-mole_tracker_appTests.release.xcconfig"; path = "Target Support Files/Pods-mole_tracker_appTests/Pods-mole_tracker_appTests.release.xcconfig"; sourceTree = "<group>"; };
		2E184418E8DDA0DC7260CE68 /* Pods-mole_tracker_appUITests.debug.xcconfig */ = {isa = PBXFileReference; includeInIndex = 1; lastKnownFileType = text.xcconfig; name = "Pods-mole_tracker_appUITests.debug.xcconfig"; path = "Target Support Files/Pods-mole_tracker_appUITests/Pods-mole_tracker_appUITests.debug.xcconfig"; sourceTree = "<group>"; };
		3354CB75B15D935A56184BCC /* Pods_mole_tracker_appTests.framework */ = {isa = PBXFileReference; explicitFileType = wrapper.framework; includeInIndex = 0; path = Pods_mole_tracker_appTests.framework; sourceTree = BUILT_PRODUCTS_DIR; };
		56F402235BE850800DA22BAF /* Pods-mole_tracker_appUITests.release.xcconfig */ = {isa = PBXFileReference; includeInIndex = 1; lastKnownFileType = text.xcconfig; name = "Pods-mole_tracker_appUITests.release.xcconfig"; path = "Target Support Files/Pods-mole_tracker_appUITests/Pods-mole_tracker_appUITests.release.xcconfig"; sourceTree = "<group>"; };
		753ED90422A823CD002BE6B9 /* mole_tracker_app.app */ = {isa = PBXFileReference; explicitFileType = wrapper.application; includeInIndex = 0; path = mole_tracker_app.app; sourceTree = BUILT_PRODUCTS_DIR; };
		753ED90722A823CD002BE6B9 /* AppDelegate.swift */ = {isa = PBXFileReference; lastKnownFileType = sourcecode.swift; path = AppDelegate.swift; sourceTree = "<group>"; };
		753ED90922A823CD002BE6B9 /* ViewController.swift */ = {isa = PBXFileReference; lastKnownFileType = sourcecode.swift; path = ViewController.swift; sourceTree = "<group>"; };
		753ED90C22A823CD002BE6B9 /* Base */ = {isa = PBXFileReference; lastKnownFileType = file.storyboard; name = Base; path = Base.lproj/Main.storyboard; sourceTree = "<group>"; };
		753ED90F22A823CD002BE6B9 /* mole_tracker_app.xcdatamodel */ = {isa = PBXFileReference; lastKnownFileType = wrapper.xcdatamodel; path = mole_tracker_app.xcdatamodel; sourceTree = "<group>"; };
		753ED91122A823CE002BE6B9 /* Assets.xcassets */ = {isa = PBXFileReference; lastKnownFileType = folder.assetcatalog; path = Assets.xcassets; sourceTree = "<group>"; };
		753ED91422A823CE002BE6B9 /* Base */ = {isa = PBXFileReference; lastKnownFileType = file.storyboard; name = Base; path = Base.lproj/LaunchScreen.storyboard; sourceTree = "<group>"; };
		753ED91622A823CE002BE6B9 /* Info.plist */ = {isa = PBXFileReference; lastKnownFileType = text.plist.xml; path = Info.plist; sourceTree = "<group>"; };
		753ED91B22A823CE002BE6B9 /* mole_tracker_appTests.xctest */ = {isa = PBXFileReference; explicitFileType = wrapper.cfbundle; includeInIndex = 0; path = mole_tracker_appTests.xctest; sourceTree = BUILT_PRODUCTS_DIR; };
		753ED91F22A823CE002BE6B9 /* mole_tracker_appTests.swift */ = {isa = PBXFileReference; lastKnownFileType = sourcecode.swift; path = mole_tracker_appTests.swift; sourceTree = "<group>"; };
		753ED92122A823CE002BE6B9 /* Info.plist */ = {isa = PBXFileReference; lastKnownFileType = text.plist.xml; path = Info.plist; sourceTree = "<group>"; };
		753ED92622A823CE002BE6B9 /* mole_tracker_appUITests.xctest */ = {isa = PBXFileReference; explicitFileType = wrapper.cfbundle; includeInIndex = 0; path = mole_tracker_appUITests.xctest; sourceTree = BUILT_PRODUCTS_DIR; };
		753ED92A22A823CE002BE6B9 /* mole_tracker_appUITests.swift */ = {isa = PBXFileReference; lastKnownFileType = sourcecode.swift; path = mole_tracker_appUITests.swift; sourceTree = "<group>"; };
		753ED92C22A823CE002BE6B9 /* Info.plist */ = {isa = PBXFileReference; lastKnownFileType = text.plist.xml; path = Info.plist; sourceTree = "<group>"; };
		7671BBCCB2E41858818425F3 /* Pods-mole_tracker_app.release.xcconfig */ = {isa = PBXFileReference; includeInIndex = 1; lastKnownFileType = text.xcconfig; name = "Pods-mole_tracker_app.release.xcconfig"; path = "Target Support Files/Pods-mole_tracker_app/Pods-mole_tracker_app.release.xcconfig"; sourceTree = "<group>"; };
		80602B3B4084CF1D29F6C36B /* Pods-mole_tracker_app.debug.xcconfig */ = {isa = PBXFileReference; includeInIndex = 1; lastKnownFileType = text.xcconfig; name = "Pods-mole_tracker_app.debug.xcconfig"; path = "Target Support Files/Pods-mole_tracker_app/Pods-mole_tracker_app.debug.xcconfig"; sourceTree = "<group>"; };
		AE13685739E687F137A4F4F7 /* Pods-mole_tracker_appTests.debug.xcconfig */ = {isa = PBXFileReference; includeInIndex = 1; lastKnownFileType = text.xcconfig; name = "Pods-mole_tracker_appTests.debug.xcconfig"; path = "Target Support Files/Pods-mole_tracker_appTests/Pods-mole_tracker_appTests.debug.xcconfig"; sourceTree = "<group>"; };
		C389702C241AB128FD5C642F /* Pods_mole_tracker_app.framework */ = {isa = PBXFileReference; explicitFileType = wrapper.framework; includeInIndex = 0; path = Pods_mole_tracker_app.framework; sourceTree = BUILT_PRODUCTS_DIR; };
		E9E6D2C3737D13292408EA07 /* Pods_mole_tracker_appUITests.framework */ = {isa = PBXFileReference; explicitFileType = wrapper.framework; includeInIndex = 0; path = Pods_mole_tracker_appUITests.framework; sourceTree = BUILT_PRODUCTS_DIR; };
/* End PBXFileReference section */

/* Begin PBXFrameworksBuildPhase section */
		753ED90122A823CD002BE6B9 /* Frameworks */ = {
			isa = PBXFrameworksBuildPhase;
			buildActionMask = 2147483647;
			files = (
				12B76C75C274D56B253DD017 /* Pods_mole_tracker_app.framework in Frameworks */,
			);
			runOnlyForDeploymentPostprocessing = 0;
		};
		753ED91822A823CE002BE6B9 /* Frameworks */ = {
			isa = PBXFrameworksBuildPhase;
			buildActionMask = 2147483647;
			files = (
				D313DA1C13CEF2BDDFB56615 /* Pods_mole_tracker_appTests.framework in Frameworks */,
			);
			runOnlyForDeploymentPostprocessing = 0;
		};
		753ED92322A823CE002BE6B9 /* Frameworks */ = {
			isa = PBXFrameworksBuildPhase;
			buildActionMask = 2147483647;
			files = (
				802443A6B62666DDDB7B165D /* Pods_mole_tracker_appUITests.framework in Frameworks */,
			);
			runOnlyForDeploymentPostprocessing = 0;
		};
/* End PBXFrameworksBuildPhase section */

/* Begin PBXGroup section */
		753ED8FB22A823CD002BE6B9 = {
			isa = PBXGroup;
			children = (
				753ED90622A823CD002BE6B9 /* mole_tracker_app */,
				753ED91E22A823CE002BE6B9 /* mole_tracker_appTests */,
				753ED92922A823CE002BE6B9 /* mole_tracker_appUITests */,
				753ED90522A823CD002BE6B9 /* Products */,
				8E6E5A40416F77F7BB15EE07 /* Pods */,
				D3D46E24643BD3BACA91B40F /* Frameworks */,
			);
			sourceTree = "<group>";
		};
		753ED90522A823CD002BE6B9 /* Products */ = {
			isa = PBXGroup;
			children = (
				753ED90422A823CD002BE6B9 /* mole_tracker_app.app */,
				753ED91B22A823CE002BE6B9 /* mole_tracker_appTests.xctest */,
				753ED92622A823CE002BE6B9 /* mole_tracker_appUITests.xctest */,
			);
			name = Products;
			sourceTree = "<group>";
		};
		753ED90622A823CD002BE6B9 /* mole_tracker_app */ = {
			isa = PBXGroup;
			children = (
				753ED90722A823CD002BE6B9 /* AppDelegate.swift */,
				753ED90922A823CD002BE6B9 /* ViewController.swift */,
				753ED90B22A823CD002BE6B9 /* Main.storyboard */,
				753ED91122A823CE002BE6B9 /* Assets.xcassets */,
				753ED91322A823CE002BE6B9 /* LaunchScreen.storyboard */,
				753ED91622A823CE002BE6B9 /* Info.plist */,
				753ED90E22A823CD002BE6B9 /* mole_tracker_app.xcdatamodeld */,
			);
			path = mole_tracker_app;
			sourceTree = "<group>";
		};
		753ED91E22A823CE002BE6B9 /* mole_tracker_appTests */ = {
			isa = PBXGroup;
			children = (
				753ED91F22A823CE002BE6B9 /* mole_tracker_appTests.swift */,
				753ED92122A823CE002BE6B9 /* Info.plist */,
			);
			path = mole_tracker_appTests;
			sourceTree = "<group>";
		};
		753ED92922A823CE002BE6B9 /* mole_tracker_appUITests */ = {
			isa = PBXGroup;
			children = (
				753ED92A22A823CE002BE6B9 /* mole_tracker_appUITests.swift */,
				753ED92C22A823CE002BE6B9 /* Info.plist */,
			);
			path = mole_tracker_appUITests;
			sourceTree = "<group>";
		};
		8E6E5A40416F77F7BB15EE07 /* Pods */ = {
			isa = PBXGroup;
			children = (
				80602B3B4084CF1D29F6C36B /* Pods-mole_tracker_app.debug.xcconfig */,
				7671BBCCB2E41858818425F3 /* Pods-mole_tracker_app.release.xcconfig */,
				AE13685739E687F137A4F4F7 /* Pods-mole_tracker_appTests.debug.xcconfig */,
				0B45FCAC80881A491DB418AD /* Pods-mole_tracker_appTests.release.xcconfig */,
				2E184418E8DDA0DC7260CE68 /* Pods-mole_tracker_appUITests.debug.xcconfig */,
				56F402235BE850800DA22BAF /* Pods-mole_tracker_appUITests.release.xcconfig */,
			);
			path = Pods;
			sourceTree = "<group>";
		};
		D3D46E24643BD3BACA91B40F /* Frameworks */ = {
			isa = PBXGroup;
			children = (
				C389702C241AB128FD5C642F /* Pods_mole_tracker_app.framework */,
				3354CB75B15D935A56184BCC /* Pods_mole_tracker_appTests.framework */,
				E9E6D2C3737D13292408EA07 /* Pods_mole_tracker_appUITests.framework */,
			);
			name = Frameworks;
			sourceTree = "<group>";
		};
/* End PBXGroup section */

/* Begin PBXNativeTarget section */
		753ED90322A823CD002BE6B9 /* mole_tracker_app */ = {
			isa = PBXNativeTarget;
			buildConfigurationList = 753ED92F22A823CE002BE6B9 /* Build configuration list for PBXNativeTarget "mole_tracker_app" */;
			buildPhases = (
				EC18AAF668C9CDFFB9CAFBAD /* [CP] Check Pods Manifest.lock */,
				753ED90022A823CD002BE6B9 /* Sources */,
				753ED90122A823CD002BE6B9 /* Frameworks */,
				753ED90222A823CD002BE6B9 /* Resources */,
				545A12FD1FA65B604D50FDD8 /* [CP] Embed Pods Frameworks */,
			);
			buildRules = (
			);
			dependencies = (
			);
			name = mole_tracker_app;
			productName = mole_tracker_app;
			productReference = 753ED90422A823CD002BE6B9 /* mole_tracker_app.app */;
			productType = "com.apple.product-type.application";
		};
		753ED91A22A823CE002BE6B9 /* mole_tracker_appTests */ = {
			isa = PBXNativeTarget;
			buildConfigurationList = 753ED93222A823CE002BE6B9 /* Build configuration list for PBXNativeTarget "mole_tracker_appTests" */;
			buildPhases = (
				8C51C2499AA1C0D32A611FAF /* [CP] Check Pods Manifest.lock */,
				753ED91722A823CE002BE6B9 /* Sources */,
				753ED91822A823CE002BE6B9 /* Frameworks */,
				753ED91922A823CE002BE6B9 /* Resources */,
			);
			buildRules = (
			);
			dependencies = (
				753ED91D22A823CE002BE6B9 /* PBXTargetDependency */,
			);
			name = mole_tracker_appTests;
			productName = mole_tracker_appTests;
			productReference = 753ED91B22A823CE002BE6B9 /* mole_tracker_appTests.xctest */;
			productType = "com.apple.product-type.bundle.unit-test";
		};
		753ED92522A823CE002BE6B9 /* mole_tracker_appUITests */ = {
			isa = PBXNativeTarget;
			buildConfigurationList = 753ED93522A823CE002BE6B9 /* Build configuration list for PBXNativeTarget "mole_tracker_appUITests" */;
			buildPhases = (
				7D2D8C3EC76B7A4B2A441153 /* [CP] Check Pods Manifest.lock */,
				753ED92222A823CE002BE6B9 /* Sources */,
				753ED92322A823CE002BE6B9 /* Frameworks */,
				753ED92422A823CE002BE6B9 /* Resources */,
			);
			buildRules = (
			);
			dependencies = (
				753ED92822A823CE002BE6B9 /* PBXTargetDependency */,
			);
			name = mole_tracker_appUITests;
			productName = mole_tracker_appUITests;
			productReference = 753ED92622A823CE002BE6B9 /* mole_tracker_appUITests.xctest */;
			productType = "com.apple.product-type.bundle.ui-testing";
		};
/* End PBXNativeTarget section */

/* Begin PBXProject section */
		753ED8FC22A823CD002BE6B9 /* Project object */ = {
			isa = PBXProject;
			attributes = {
				LastSwiftUpdateCheck = 0920;
				LastUpgradeCheck = 0920;
				ORGANIZATIONNAME = "Stephane Hatgis-Kessell";
				TargetAttributes = {
					753ED90322A823CD002BE6B9 = {
						CreatedOnToolsVersion = 9.2;
						ProvisioningStyle = Automatic;
					};
					753ED91A22A823CE002BE6B9 = {
						CreatedOnToolsVersion = 9.2;
						ProvisioningStyle = Automatic;
						TestTargetID = 753ED90322A823CD002BE6B9;
					};
					753ED92522A823CE002BE6B9 = {
						CreatedOnToolsVersion = 9.2;
						ProvisioningStyle = Automatic;
						TestTargetID = 753ED90322A823CD002BE6B9;
					};
				};
			};
			buildConfigurationList = 753ED8FF22A823CD002BE6B9 /* Build configuration list for PBXProject "mole_tracker_app" */;
			compatibilityVersion = "Xcode 8.0";
			developmentRegion = en;
			hasScannedForEncodings = 0;
			knownRegions = (
				en,
				Base,
			);
			mainGroup = 753ED8FB22A823CD002BE6B9;
			productRefGroup = 753ED90522A823CD002BE6B9 /* Products */;
			projectDirPath = "";
			projectRoot = "";
			targets = (
				753ED90322A823CD002BE6B9 /* mole_tracker_app */,
				753ED91A22A823CE002BE6B9 /* mole_tracker_appTests */,
				753ED92522A823CE002BE6B9 /* mole_tracker_appUITests */,
			);
		};
/* End PBXProject section */

/* Begin PBXResourcesBuildPhase section */
		753ED90222A823CD002BE6B9 /* Resources */ = {
			isa = PBXResourcesBuildPhase;
			buildActionMask = 2147483647;
			files = (
				753ED91522A823CE002BE6B9 /* LaunchScreen.storyboard in Resources */,
				753ED91222A823CE002BE6B9 /* Assets.xcassets in Resources */,
				753ED90D22A823CD002BE6B9 /* Main.storyboard in Resources */,
			);
			runOnlyForDeploymentPostprocessing = 0;
		};
		753ED91922A823CE002BE6B9 /* Resources */ = {
			isa = PBXResourcesBuildPhase;
			buildActionMask = 2147483647;
			files = (
			);
			runOnlyForDeploymentPostprocessing = 0;
		};
		753ED92422A823CE002BE6B9 /* Resources */ = {
			isa = PBXResourcesBuildPhase;
			buildActionMask = 2147483647;
			files = (
			);
			runOnlyForDeploymentPostprocessing = 0;
		};
/* End PBXResourcesBuildPhase section */

/* Begin PBXShellScriptBuildPhase section */
		545A12FD1FA65B604D50FDD8 /* [CP] Embed Pods Frameworks */ = {
			isa = PBXShellScriptBuildPhase;
			buildActionMask = 2147483647;
			files = (
			);
			inputPaths = (
				"${PODS_ROOT}/Target Support Files/Pods-mole_tracker_app/Pods-mole_tracker_app-frameworks.sh",
				"${BUILT_PRODUCTS_DIR}/expanding-collection/expanding_collection.framework",
			);
			name = "[CP] Embed Pods Frameworks";
			outputPaths = (
				"${TARGET_BUILD_DIR}/${FRAMEWORKS_FOLDER_PATH}/expanding_collection.framework",
			);
			runOnlyForDeploymentPostprocessing = 0;
			shellPath = /bin/sh;
			shellScript = "\"${PODS_ROOT}/Target Support Files/Pods-mole_tracker_app/Pods-mole_tracker_app-frameworks.sh\"\n";
			showEnvVarsInLog = 0;
		};
		7D2D8C3EC76B7A4B2A441153 /* [CP] Check Pods Manifest.lock */ = {
			isa = PBXShellScriptBuildPhase;
			buildActionMask = 2147483647;
			files = (
			);
			inputPaths = (
				"${PODS_PODFILE_DIR_PATH}/Podfile.lock",
				"${PODS_ROOT}/Manifest.lock",
			);
			name = "[CP] Check Pods Manifest.lock";
			outputPaths = (
				"$(DERIVED_FILE_DIR)/Pods-mole_tracker_appUITests-checkManifestLockResult.txt",
			);
			runOnlyForDeploymentPostprocessing = 0;
			shellPath = /bin/sh;
			shellScript = "diff \"${PODS_PODFILE_DIR_PATH}/Podfile.lock\" \"${PODS_ROOT}/Manifest.lock\" > /dev/null\nif [ $? != 0 ] ; then\n    # print error to STDERR\n    echo \"error: The sandbox is not in sync with the Podfile.lock. Run 'pod install' or update your CocoaPods installation.\" >&2\n    exit 1\nfi\n# This output is used by Xcode 'outputs' to avoid re-running this script phase.\necho \"SUCCESS\" > \"${SCRIPT_OUTPUT_FILE_0}\"\n";
			showEnvVarsInLog = 0;
		};
		8C51C2499AA1C0D32A611FAF /* [CP] Check Pods Manifest.lock */ = {
			isa = PBXShellScriptBuildPhase;
			buildActionMask = 2147483647;
			files = (
			);
			inputPaths = (
				"${PODS_PODFILE_DIR_PATH}/Podfile.lock",
				"${PODS_ROOT}/Manifest.lock",
			);
			name = "[CP] Check Pods Manifest.lock";
			outputPaths = (
				"$(DERIVED_FILE_DIR)/Pods-mole_tracker_appTests-checkManifestLockResult.txt",
			);
			runOnlyForDeploymentPostprocessing = 0;
			shellPath = /bin/sh;
			shellScript = "diff \"${PODS_PODFILE_DIR_PATH}/Podfile.lock\" \"${PODS_ROOT}/Manifest.lock\" > /dev/null\nif [ $? != 0 ] ; then\n    # print error to STDERR\n    echo \"error: The sandbox is not in sync with the Podfile.lock. Run 'pod install' or update your CocoaPods installation.\" >&2\n    exit 1\nfi\n# This output is used by Xcode 'outputs' to avoid re-running this script phase.\necho \"SUCCESS\" > \"${SCRIPT_OUTPUT_FILE_0}\"\n";
			showEnvVarsInLog = 0;
		};
		EC18AAF668C9CDFFB9CAFBAD /* [CP] Check Pods Manifest.lock */ = {
			isa = PBXShellScriptBuildPhase;
			buildActionMask = 2147483647;
			files = (
			);
			inputPaths = (
				"${PODS_PODFILE_DIR_PATH}/Podfile.lock",
				"${PODS_ROOT}/Manifest.lock",
			);
			name = "[CP] Check Pods Manifest.lock";
			outputPaths = (
				"$(DERIVED_FILE_DIR)/Pods-mole_tracker_app-checkManifestLockResult.txt",
			);
			runOnlyForDeploymentPostprocessing = 0;
			shellPath = /bin/sh;
			shellScript = "diff \"${PODS_PODFILE_DIR_PATH}/Podfile.lock\" \"${PODS_ROOT}/Manifest.lock\" > /dev/null\nif [ $? != 0 ] ; then\n    # print error to STDERR\n    echo \"error: The sandbox is not in sync with the Podfile.lock. Run 'pod install' or update your CocoaPods installation.\" >&2\n    exit 1\nfi\n# This output is used by Xcode 'outputs' to avoid re-running this script phase.\necho \"SUCCESS\" > \"${SCRIPT_OUTPUT_FILE_0}\"\n";
			showEnvVarsInLog = 0;
		};
/* End PBXShellScriptBuildPhase section */

/* Begin PBXSourcesBuildPhase section */
		753ED90022A823CD002BE6B9 /* Sources */ = {
			isa = PBXSourcesBuildPhase;
			buildActionMask = 2147483647;
			files = (
				753ED90A22A823CD002BE6B9 /* ViewController.swift in Sources */,
				753ED91022A823CD002BE6B9 /* mole_tracker_app.xcdatamodeld in Sources */,
				753ED90822A823CD002BE6B9 /* AppDelegate.swift in Sources */,
			);
			runOnlyForDeploymentPostprocessing = 0;
		};
		753ED91722A823CE002BE6B9 /* Sources */ = {
			isa = PBXSourcesBuildPhase;
			buildActionMask = 2147483647;
			files = (
				753ED92022A823CE002BE6B9 /* mole_tracker_appTests.swift in Sources */,
			);
			runOnlyForDeploymentPostprocessing = 0;
		};
		753ED92222A823CE002BE6B9 /* Sources */ = {
			isa = PBXSourcesBuildPhase;
			buildActionMask = 2147483647;
			files = (
				753ED92B22A823CE002BE6B9 /* mole_tracker_appUITests.swift in Sources */,
			);
			runOnlyForDeploymentPostprocessing = 0;
		};
/* End PBXSourcesBuildPhase section */

/* Begin PBXTargetDependency section */
		753ED91D22A823CE002BE6B9 /* PBXTargetDependency */ = {
			isa = PBXTargetDependency;
			target = 753ED90322A823CD002BE6B9 /* mole_tracker_app */;
			targetProxy = 753ED91C22A823CE002BE6B9 /* PBXContainerItemProxy */;
		};
		753ED92822A823CE002BE6B9 /* PBXTargetDependency */ = {
			isa = PBXTargetDependency;
			target = 753ED90322A823CD002BE6B9 /* mole_tracker_app */;
			targetProxy = 753ED92722A823CE002BE6B9 /* PBXContainerItemProxy */;
		};
/* End PBXTargetDependency section */

/* Begin PBXVariantGroup section */
		753ED90B22A823CD002BE6B9 /* Main.storyboard */ = {
			isa = PBXVariantGroup;
			children = (
				753ED90C22A823CD002BE6B9 /* Base */,
			);
			name = Main.storyboard;
			sourceTree = "<group>";
		};
		753ED91322A823CE002BE6B9 /* LaunchScreen.storyboard */ = {
			isa = PBXVariantGroup;
			children = (
				753ED91422A823CE002BE6B9 /* Base */,
			);
			name = LaunchScreen.storyboard;
			sourceTree = "<group>";
		};
/* End PBXVariantGroup section */

/* Begin XCBuildConfiguration section */
		753ED92D22A823CE002BE6B9 /* Debug */ = {
			isa = XCBuildConfiguration;
			buildSettings = {
				ALWAYS_SEARCH_USER_PATHS = NO;
				CLANG_ANALYZER_NONNULL = YES;
				CLANG_ANALYZER_NUMBER_OBJECT_CONVERSION = YES_AGGRESSIVE;
				CLANG_CXX_LANGUAGE_STANDARD = "gnu++14";
				CLANG_CXX_LIBRARY = "libc++";
				CLANG_ENABLE_MODULES = YES;
				CLANG_ENABLE_OBJC_ARC = YES;
				CLANG_WARN_BLOCK_CAPTURE_AUTORELEASING = YES;
				CLANG_WARN_BOOL_CONVERSION = YES;
				CLANG_WARN_COMMA = YES;
				CLANG_WARN_CONSTANT_CONVERSION = YES;
				CLANG_WARN_DIRECT_OBJC_ISA_USAGE = YES_ERROR;
				CLANG_WARN_DOCUMENTATION_COMMENTS = YES;
				CLANG_WARN_EMPTY_BODY = YES;
				CLANG_WARN_ENUM_CONVERSION = YES;
				CLANG_WARN_INFINITE_RECURSION = YES;
				CLANG_WARN_INT_CONVERSION = YES;
				CLANG_WARN_NON_LITERAL_NULL_CONVERSION = YES;
				CLANG_WARN_OBJC_LITERAL_CONVERSION = YES;
				CLANG_WARN_OBJC_ROOT_CLASS = YES_ERROR;
				CLANG_WARN_RANGE_LOOP_ANALYSIS = YES;
				CLANG_WARN_STRICT_PROTOTYPES = YES;
				CLANG_WARN_SUSPICIOUS_MOVE = YES;
				CLANG_WARN_UNGUARDED_AVAILABILITY = YES_AGGRESSIVE;
				CLANG_WARN_UNREACHABLE_CODE = YES;
				CLANG_WARN__DUPLICATE_METHOD_MATCH = YES;
				CODE_SIGN_IDENTITY = "iPhone Developer";
				COPY_PHASE_STRIP = NO;
				DEBUG_INFORMATION_FORMAT = dwarf;
				ENABLE_STRICT_OBJC_MSGSEND = YES;
				ENABLE_TESTABILITY = YES;
				GCC_C_LANGUAGE_STANDARD = gnu11;
				GCC_DYNAMIC_NO_PIC = NO;
				GCC_NO_COMMON_BLOCKS = YES;
				GCC_OPTIMIZATION_LEVEL = 0;
				GCC_PREPROCESSOR_DEFINITIONS = (
					"DEBUG=1",
					"$(inherited)",
				);
				GCC_WARN_64_TO_32_BIT_CONVERSION = YES;
				GCC_WARN_ABOUT_RETURN_TYPE = YES_ERROR;
				GCC_WARN_UNDECLARED_SELECTOR = YES;
				GCC_WARN_UNINITIALIZED_AUTOS = YES_AGGRESSIVE;
				GCC_WARN_UNUSED_FUNCTION = YES;
				GCC_WARN_UNUSED_VARIABLE = YES;
				IPHONEOS_DEPLOYMENT_TARGET = 11.2;
				MTL_ENABLE_DEBUG_INFO = YES;
				ONLY_ACTIVE_ARCH = YES;
				SDKROOT = iphoneos;
				SWIFT_ACTIVE_COMPILATION_CONDITIONS = DEBUG;
				SWIFT_OPTIMIZATION_LEVEL = "-Onone";
			};
			name = Debug;
		};
		753ED92E22A823CE002BE6B9 /* Release */ = {
			isa = XCBuildConfiguration;
			buildSettings = {
				ALWAYS_SEARCH_USER_PATHS = NO;
				CLANG_ANALYZER_NONNULL = YES;
				CLANG_ANALYZER_NUMBER_OBJECT_CONVERSION = YES_AGGRESSIVE;
				CLANG_CXX_LANGUAGE_STANDARD = "gnu++14";
				CLANG_CXX_LIBRARY = "libc++";
				CLANG_ENABLE_MODULES = YES;
				CLANG_ENABLE_OBJC_ARC = YES;
				CLANG_WARN_BLOCK_CAPTURE_AUTORELEASING = YES;
				CLANG_WARN_BOOL_CONVERSION = YES;
				CLANG_WARN_COMMA = YES;
				CLANG_WARN_CONSTANT_CONVERSION = YES;
				CLANG_WARN_DIRECT_OBJC_ISA_USAGE = YES_ERROR;
				CLANG_WARN_DOCUMENTATION_COMMENTS = YES;
				CLANG_WARN_EMPTY_BODY = YES;
				CLANG_WARN_ENUM_CONVERSION = YES;
				CLANG_WARN_INFINITE_RECURSION = YES;
				CLANG_WARN_INT_CONVERSION = YES;
				CLANG_WARN_NON_LITERAL_NULL_CONVERSION = YES;
				CLANG_WARN_OBJC_LITERAL_CONVERSION = YES;
				CLANG_WARN_OBJC_ROOT_CLASS = YES_ERROR;
				CLANG_WARN_RANGE_LOOP_ANALYSIS = YES;
				CLANG_WARN_STRICT_PROTOTYPES = YES;
				CLANG_WARN_SUSPICIOUS_MOVE = YES;
				CLANG_WARN_UNGUARDED_AVAILABILITY = YES_AGGRESSIVE;
				CLANG_WARN_UNREACHABLE_CODE = YES;
				CLANG_WARN__DUPLICATE_METHOD_MATCH = YES;
				CODE_SIGN_IDENTITY = "iPhone Developer";
				COPY_PHASE_STRIP = NO;
				DEBUG_INFORMATION_FORMAT = "dwarf-with-dsym";
				ENABLE_NS_ASSERTIONS = NO;
				ENABLE_STRICT_OBJC_MSGSEND = YES;
				GCC_C_LANGUAGE_STANDARD = gnu11;
				GCC_NO_COMMON_BLOCKS = YES;
				GCC_WARN_64_TO_32_BIT_CONVERSION = YES;
				GCC_WARN_ABOUT_RETURN_TYPE = YES_ERROR;
				GCC_WARN_UNDECLARED_SELECTOR = YES;
				GCC_WARN_UNINITIALIZED_AUTOS = YES_AGGRESSIVE;
				GCC_WARN_UNUSED_FUNCTION = YES;
				GCC_WARN_UNUSED_VARIABLE = YES;
				IPHONEOS_DEPLOYMENT_TARGET = 11.2;
				MTL_ENABLE_DEBUG_INFO = NO;
				SDKROOT = iphoneos;
				SWIFT_OPTIMIZATION_LEVEL = "-Owholemodule";
				VALIDATE_PRODUCT = YES;
			};
			name = Release;
		};
		753ED93022A823CE002BE6B9 /* Debug */ = {
			isa = XCBuildConfiguration;
			baseConfigurationReference = 80602B3B4084CF1D29F6C36B /* Pods-mole_tracker_app.debug.xcconfig */;
			buildSettings = {
				ASSETCATALOG_COMPILER_APPICON_NAME = AppIcon;
				CODE_SIGN_STYLE = Automatic;
				INFOPLIST_FILE = mole_tracker_app/Info.plist;
				LD_RUNPATH_SEARCH_PATHS = "$(inherited) @executable_path/Frameworks";
				PRODUCT_BUNDLE_IDENTIFIER = "Stephane.mole-tracker-app";
				PRODUCT_NAME = "$(TARGET_NAME)";
				SWIFT_VERSION = 4.0;
				TARGETED_DEVICE_FAMILY = "1,2";
			};
			name = Debug;
		};
		753ED93122A823CE002BE6B9 /* Release */ = {
			isa = XCBuildConfiguration;
			baseConfigurationReference = 7671BBCCB2E41858818425F3 /* Pods-mole_tracker_app.release.xcconfig */;
			buildSettings = {
				ASSETCATALOG_COMPILER_APPICON_NAME = AppIcon;
				CODE_SIGN_STYLE = Automatic;
				INFOPLIST_FILE = mole_tracker_app/Info.plist;
				LD_RUNPATH_SEARCH_PATHS = "$(inherited) @executable_path/Frameworks";
				PRODUCT_BUNDLE_IDENTIFIER = "Stephane.mole-tracker-app";
				PRODUCT_NAME = "$(TARGET_NAME)";
				SWIFT_VERSION = 4.0;
				TARGETED_DEVICE_FAMILY = "1,2";
			};
			name = Release;
		};
		753ED93322A823CE002BE6B9 /* Debug */ = {
			isa = XCBuildConfiguration;
			baseConfigurationReference = AE13685739E687F137A4F4F7 /* Pods-mole_tracker_appTests.debug.xcconfig */;
			buildSettings = {
				ALWAYS_EMBED_SWIFT_STANDARD_LIBRARIES = YES;
				BUNDLE_LOADER = "$(TEST_HOST)";
				CODE_SIGN_STYLE = Automatic;
				INFOPLIST_FILE = mole_tracker_appTests/Info.plist;
				LD_RUNPATH_SEARCH_PATHS = "$(inherited) @executable_path/Frameworks @loader_path/Frameworks";
				PRODUCT_BUNDLE_IDENTIFIER = "Stephane.mole-tracker-appTests";
				PRODUCT_NAME = "$(TARGET_NAME)";
				SWIFT_VERSION = 4.0;
				TARGETED_DEVICE_FAMILY = "1,2";
				TEST_HOST = "$(BUILT_PRODUCTS_DIR)/mole_tracker_app.app/mole_tracker_app";
			};
			name = Debug;
		};
		753ED93422A823CE002BE6B9 /* Release */ = {
			isa = XCBuildConfiguration;
			baseConfigurationReference = 0B45FCAC80881A491DB418AD /* Pods-mole_tracker_appTests.release.xcconfig */;
			buildSettings = {
				ALWAYS_EMBED_SWIFT_STANDARD_LIBRARIES = YES;
				BUNDLE_LOADER = "$(TEST_HOST)";
				CODE_SIGN_STYLE = Automatic;
				INFOPLIST_FILE = mole_tracker_appTests/Info.plist;
				LD_RUNPATH_SEARCH_PATHS = "$(inherited) @executable_path/Frameworks @loader_path/Frameworks";
				PRODUCT_BUNDLE_IDENTIFIER = "Stephane.mole-tracker-appTests";
				PRODUCT_NAME = "$(TARGET_NAME)";
				SWIFT_VERSION = 4.0;
				TARGETED_DEVICE_FAMILY = "1,2";
				TEST_HOST = "$(BUILT_PRODUCTS_DIR)/mole_tracker_app.app/mole_tracker_app";
			};
			name = Release;
		};
		753ED93622A823CE002BE6B9 /* Debug */ = {
			isa = XCBuildConfiguration;
			baseConfigurationReference = 2E184418E8DDA0DC7260CE68 /* Pods-mole_tracker_appUITests.debug.xcconfig */;
			buildSettings = {
				ALWAYS_EMBED_SWIFT_STANDARD_LIBRARIES = YES;
				CODE_SIGN_STYLE = Automatic;
				INFOPLIST_FILE = mole_tracker_appUITests/Info.plist;
				LD_RUNPATH_SEARCH_PATHS = "$(inherited) @executable_path/Frameworks @loader_path/Frameworks";
				PRODUCT_BUNDLE_IDENTIFIER = "Stephane.mole-tracker-appUITests";
				PRODUCT_NAME = "$(TARGET_NAME)";
				SWIFT_VERSION = 4.0;
				TARGETED_DEVICE_FAMILY = "1,2";
				TEST_TARGET_NAME = mole_tracker_app;
			};
			name = Debug;
		};
		753ED93722A823CE002BE6B9 /* Release */ = {
			isa = XCBuildConfiguration;
			baseConfigurationReference = 56F402235BE850800DA22BAF /* Pods-mole_tracker_appUITests.release.xcconfig */;
			buildSettings = {
				ALWAYS_EMBED_SWIFT_STANDARD_LIBRARIES = YES;
				CODE_SIGN_STYLE = Automatic;
				INFOPLIST_FILE = mole_tracker_appUITests/Info.plist;
				LD_RUNPATH_SEARCH_PATHS = "$(inherited) @executable_path/Frameworks @loader_path/Frameworks";
				PRODUCT_BUNDLE_IDENTIFIER = "Stephane.mole-tracker-appUITests";
				PRODUCT_NAME = "$(TARGET_NAME)";
				SWIFT_VERSION = 4.0;
				TARGETED_DEVICE_FAMILY = "1,2";
				TEST_TARGET_NAME = mole_tracker_app;
			};
			name = Release;
		};
/* End XCBuildConfiguration section */

/* Begin XCConfigurationList section */
		753ED8FF22A823CD002BE6B9 /* Build configuration list for PBXProject "mole_tracker_app" */ = {
			isa = XCConfigurationList;
			buildConfigurations = (
				753ED92D22A823CE002BE6B9 /* Debug */,
				753ED92E22A823CE002BE6B9 /* Release */,
			);
			defaultConfigurationIsVisible = 0;
			defaultConfigurationName = Release;
		};
		753ED92F22A823CE002BE6B9 /* Build configuration list for PBXNativeTarget "mole_tracker_app" */ = {
			isa = XCConfigurationList;
			buildConfigurations = (
				753ED93022A823CE002BE6B9 /* Debug */,
				753ED93122A823CE002BE6B9 /* Release */,
			);
			defaultConfigurationIsVisible = 0;
			defaultConfigurationName = Release;
		};
		753ED93222A823CE002BE6B9 /* Build configuration list for PBXNativeTarget "mole_tracker_appTests" */ = {
			isa = XCConfigurationList;
			buildConfigurations = (
				753ED93322A823CE002BE6B9 /* Debug */,
				753ED93422A823CE002BE6B9 /* Release */,
			);
			defaultConfigurationIsVisible = 0;
			defaultConfigurationName = Release;
		};
		753ED93522A823CE002BE6B9 /* Build configuration list for PBXNativeTarget "mole_tracker_appUITests" */ = {
			isa = XCConfigurationList;
			buildConfigurations = (
				753ED93622A823CE002BE6B9 /* Debug */,
				753ED93722A823CE002BE6B9 /* Release */,
			);
			defaultConfigurationIsVisible = 0;
			defaultConfigurationName = Release;
		};
/* End XCConfigurationList section */

/* Begin XCVersionGroup section */
		753ED90E22A823CD002BE6B9 /* mole_tracker_app.xcdatamodeld */ = {
			isa = XCVersionGroup;
			children = (
				753ED90F22A823CD002BE6B9 /* mole_tracker_app.xcdatamodel */,
			);
			currentVersion = 753ED90F22A823CD002BE6B9 /* mole_tracker_app.xcdatamodel */;
			path = mole_tracker_app.xcdatamodeld;
			sourceTree = "<group>";
			versionGroupType = wrapper.xcdatamodel;
		};
/* End XCVersionGroup section */
	};
	rootObject = 753ED8FC22A823CD002BE6B9 /* Project object */;
}
